
Microsoft Visual Studio Solution File, Format Version 12.00
# Visual Studio Version 17
VisualStudioVersion = 17.11.35327.3
MinimumVisualStudioVersion = 10.0.40219.1
Project("{9A19103F-16F7-4668-BE54-9A1E7A4F7556}") = "RestaurantManagement", "RestaurantManagement\RestaurantManagement.csproj", "{6755D5B3-F080-44DA-8351-C8CFC0C3ABF2}"
EndProject
Project("{FAE04EC0-301F-11D3-BF4B-00C04F79EFBC}") = "RestaurantManagement.Core", "RestaurantManagement.Core\RestaurantManagement.Core.csproj", "{63974614-CA31-4E8C-B07F-1D77F7F1A470}"
EndProject
Project("{FAE04EC0-301F-11D3-BF4B-00C04F79EFBC}") = "RestaurantManagement.DataAccess", "RestaurantManagement.Ef\RestaurantManagement.DataAccess.csproj", "{A8C887E5-68C9-4C3B-8FAF-2B5F9678F745}"
EndProject
Project("{FAE04EC0-301F-11D3-BF4B-00C04F79EFBC}") = "RestaurantManagement.Services", "RestaurantManagement.Services\RestaurantManagement.Services.csproj", "{6A0EBB52-F484-4A9B-84F6-0ECF5C93A1C7}"
EndProject
Global
	GlobalSection(SolutionConfigurationPlatforms) = preSolution
		Debug|Any CPU = Debug|Any CPU
		Release|Any CPU = Release|Any CPU
	EndGlobalSection
	GlobalSection(ProjectConfigurationPlatforms) = postSolution
		{6755D5B3-F080-44DA-8351-C8CFC0C3ABF2}.Debug|Any CPU.ActiveCfg = Debug|Any CPU
		{6755D5B3-F080-44DA-8351-C8CFC0C3ABF2}.Debug|Any CPU.Build.0 = Debug|Any CPU
		{6755D5B3-F080-44DA-8351-C8CFC0C3ABF2}.Release|Any CPU.ActiveCfg = Release|Any CPU
		{6755D5B3-F080-44DA-8351-C8CFC0C3ABF2}.Release|Any CPU.Build.0 = Release|Any CPU
		{63974614-CA31-4E8C-B07F-1D77F7F1A470}.Debug|Any CPU.ActiveCfg = Debug|Any CPU
		{63974614-CA31-4E8C-B07F-1D77F7F1A470}.Debug|Any CPU.Build.0 = Debug|Any CPU
		{63974614-CA31-4E8C-B07F-1D77F7F1A470}.Release|Any CPU.ActiveCfg = Release|Any CPU
		{63974614-CA31-4E8C-B07F-1D77F7F1A470}.Release|Any CPU.Build.0 = Release|Any CPU
		{A8C887E5-68C9-4C3B-8FAF-2B5F9678F745}.Debug|Any CPU.ActiveCfg = Debug|Any CPU
		{A8C887E5-68C9-4C3B-8FAF-2B5F9678F745}.Debug|Any CPU.Build.0 = Debug|Any CPU
		{A8C887E5-68C9-4C3B-8FAF-2B5F9678F745}.Release|Any CPU.ActiveCfg = Release|Any CPU
		{A8C887E5-68C9-4C3B-8FAF-2B5F9678F745}.Release|Any CPU.Build.0 = Release|Any CPU
		{6A0EBB52-F484-4A9B-84F6-0ECF5C93A1C7}.Debug|Any CPU.ActiveCfg = Debug|Any CPU
		{6A0EBB52-F484-4A9B-84F6-0ECF5C93A1C7}.Debug|Any CPU.Build.0 = Debug|Any CPU
		{6A0EBB52-F484-4A9B-84F6-0ECF5C93A1C7}.Release|Any CPU.ActiveCfg = Release|Any CPU
		{6A0EBB52-F484-4A9B-84F6-0ECF5C93A1C7}.Release|Any CPU.Build.0 = Release|Any CPU
	EndGlobalSection
	GlobalSection(SolutionProperties) = preSolution
		HideSolutionNode = FALSE
	EndGlobalSection
	GlobalSection(ExtensibilityGlobals) = postSolution
		SolutionGuid = {F1283D11-CD69-4BB1-A43C-9188A2845659}
	EndGlobalSection
EndGlobal
